
Microsoft Visual Studio Solution File, Format Version 12.00
# Visual Studio Version 17
VisualStudioVersion = 17.9.34728.123
MinimumVisualStudioVersion = 10.0.40219.1
Project("{FAE04EC0-301F-11D3-BF4B-00C04F79EFBC}") = "APIVentas", "APIVentas\APIVentas.csproj", "{CAE48727-EC29-4C74-8F79-7B00C0449E17}"
EndProject
Global
	GlobalSection(SolutionConfigurationPlatforms) = preSolution
		Debug|Any CPU = Debug|Any CPU
		Release|Any CPU = Release|Any CPU
	EndGlobalSection
	GlobalSection(ProjectConfigurationPlatforms) = postSolution
		{CAE48727-EC29-4C74-8F79-7B00C0449E17}.Debug|Any CPU.ActiveCfg = Debug|Any CPU
		{CAE48727-EC29-4C74-8F79-7B00C0449E17}.Debug|Any CPU.Build.0 = Debug|Any CPU
		{CAE48727-EC29-4C74-8F79-7B00C0449E17}.Release|Any CPU.ActiveCfg = Release|Any CPU
		{CAE48727-EC29-4C74-8F79-7B00C0449E17}.Release|Any CPU.Build.0 = Release|Any CPU
	EndGlobalSection
	GlobalSection(SolutionProperties) = preSolution
		HideSolutionNode = FALSE
	EndGlobalSection
	GlobalSection(ExtensibilityGlobals) = postSolution
		SolutionGuid = {0A840A24-86F4-4209-9543-5EAF0350D08B}
	EndGlobalSection
EndGlobal
